
Microsoft Visual Studio Solution File, Format Version 12.00
# Visual Studio Version 17
VisualStudioVersion = 17.0.31903.59
MinimumVisualStudioVersion = 10.0.40219.1
Project("{FAE04EC0-301F-11D3-BF4B-00C04F79EFBC}") = "Discoteque.API", "Discoteque.API\Discoteque.API.csproj", "{85DDFF54-3E8E-4E3B-B2A5-0774A99C1659}"
EndProject
Project("{FAE04EC0-301F-11D3-BF4B-00C04F79EFBC}") = "Discoteque.Business", "Discoteque.Business\Discoteque.Business.csproj", "{E05EF993-CC99-4F68-95B0-615BBD36DCF5}"
EndProject
Project("{FAE04EC0-301F-11D3-BF4B-00C04F79EFBC}") = "Discoteque.Data", "Discoteque.Data\Discoteque.Data.csproj", "{A3A845D6-A039-41B2-BB5D-EA506DFA589E}"
EndProject
Global
	GlobalSection(SolutionConfigurationPlatforms) = preSolution
		Debug|Any CPU = Debug|Any CPU
		Release|Any CPU = Release|Any CPU
	EndGlobalSection
	GlobalSection(SolutionProperties) = preSolution
		HideSolutionNode = FALSE
	EndGlobalSection
	GlobalSection(ProjectConfigurationPlatforms) = postSolution
		{85DDFF54-3E8E-4E3B-B2A5-0774A99C1659}.Debug|Any CPU.ActiveCfg = Debug|Any CPU
		{85DDFF54-3E8E-4E3B-B2A5-0774A99C1659}.Debug|Any CPU.Build.0 = Debug|Any CPU
		{85DDFF54-3E8E-4E3B-B2A5-0774A99C1659}.Release|Any CPU.ActiveCfg = Release|Any CPU
		{85DDFF54-3E8E-4E3B-B2A5-0774A99C1659}.Release|Any CPU.Build.0 = Release|Any CPU
		{E05EF993-CC99-4F68-95B0-615BBD36DCF5}.Debug|Any CPU.ActiveCfg = Debug|Any CPU
		{E05EF993-CC99-4F68-95B0-615BBD36DCF5}.Debug|Any CPU.Build.0 = Debug|Any CPU
		{E05EF993-CC99-4F68-95B0-615BBD36DCF5}.Release|Any CPU.ActiveCfg = Release|Any CPU
		{E05EF993-CC99-4F68-95B0-615BBD36DCF5}.Release|Any CPU.Build.0 = Release|Any CPU
		{A3A845D6-A039-41B2-BB5D-EA506DFA589E}.Debug|Any CPU.ActiveCfg = Debug|Any CPU
		{A3A845D6-A039-41B2-BB5D-EA506DFA589E}.Debug|Any CPU.Build.0 = Debug|Any CPU
		{A3A845D6-A039-41B2-BB5D-EA506DFA589E}.Release|Any CPU.ActiveCfg = Release|Any CPU
		{A3A845D6-A039-41B2-BB5D-EA506DFA589E}.Release|Any CPU.Build.0 = Release|Any CPU
	EndGlobalSection
EndGlobal
